
Microsoft Visual Studio Solution File, Format Version 12.00
# Visual Studio Version 16
VisualStudioVersion = 16.0.29905.134
MinimumVisualStudioVersion = 10.0.40219.1
Project("{9A19103F-16F7-4668-BE54-9A1E7A4F7556}") = "ProgramRunner", "ProgramRunner\ProgramRunner.csproj", "{DF5AD1CD-AFF1-48FB-8B72-CB2D837D0A6E}"
EndProject
Project("{FAE04EC0-301F-11D3-BF4B-00C04F79EFBC}") = "AsyncLogReader", "AsyncLogReader\AsyncLogReader.csproj", "{FBFBE8CC-EE0E-44D4-B6A5-6008362F8FA5}"
EndProject
Global
	GlobalSection(SolutionConfigurationPlatforms) = preSolution
		Debug|Any CPU = Debug|Any CPU
		Release|Any CPU = Release|Any CPU
	EndGlobalSection
	GlobalSection(ProjectConfigurationPlatforms) = postSolution
		{DF5AD1CD-AFF1-48FB-8B72-CB2D837D0A6E}.Debug|Any CPU.ActiveCfg = Debug|Any CPU
		{DF5AD1CD-AFF1-48FB-8B72-CB2D837D0A6E}.Debug|Any CPU.Build.0 = Debug|Any CPU
		{DF5AD1CD-AFF1-48FB-8B72-CB2D837D0A6E}.Release|Any CPU.ActiveCfg = Release|Any CPU
		{DF5AD1CD-AFF1-48FB-8B72-CB2D837D0A6E}.Release|Any CPU.Build.0 = Release|Any CPU
		{FBFBE8CC-EE0E-44D4-B6A5-6008362F8FA5}.Debug|Any CPU.ActiveCfg = Debug|Any CPU
		{FBFBE8CC-EE0E-44D4-B6A5-6008362F8FA5}.Debug|Any CPU.Build.0 = Debug|Any CPU
		{FBFBE8CC-EE0E-44D4-B6A5-6008362F8FA5}.Release|Any CPU.ActiveCfg = Release|Any CPU
		{FBFBE8CC-EE0E-44D4-B6A5-6008362F8FA5}.Release|Any CPU.Build.0 = Release|Any CPU
	EndGlobalSection
	GlobalSection(SolutionProperties) = preSolution
		HideSolutionNode = FALSE
	EndGlobalSection
	GlobalSection(ExtensibilityGlobals) = postSolution
		SolutionGuid = {215B1DC1-A6EE-43B0-A515-AA975DA42FAE}
	EndGlobalSection
EndGlobal
